
Microsoft Visual Studio Solution File, Format Version 12.00
# Visual Studio Version 16
VisualStudioVersion = 16.0.30907.101
MinimumVisualStudioVersion = 10.0.40219.1
Project("{8BC9CEB8-8B4A-11D0-8D11-00A0C91BC942}") = "InterviewQuestions", "InterviewQuestions\InterviewQuestions.vcxproj", "{A899CCF2-D1ED-45CE-B469-EB5B08451E04}"
EndProject
Global
	GlobalSection(SolutionConfigurationPlatforms) = preSolution
		Debug|x64 = Debug|x64
		Debug|x86 = Debug|x86
		Release|x64 = Release|x64
		Release|x86 = Release|x86
	EndGlobalSection
	GlobalSection(ProjectConfigurationPlatforms) = postSolution
		{A899CCF2-D1ED-45CE-B469-EB5B08451E04}.Debug|x64.ActiveCfg = Debug|x64
		{A899CCF2-D1ED-45CE-B469-EB5B08451E04}.Debug|x64.Build.0 = Debug|x64
		{A899CCF2-D1ED-45CE-B469-EB5B08451E04}.Debug|x86.ActiveCfg = Debug|Win32
		{A899CCF2-D1ED-45CE-B469-EB5B08451E04}.Debug|x86.Build.0 = Debug|Win32
		{A899CCF2-D1ED-45CE-B469-EB5B08451E04}.Release|x64.ActiveCfg = Release|x64
		{A899CCF2-D1ED-45CE-B469-EB5B08451E04}.Release|x64.Build.0 = Release|x64
		{A899CCF2-D1ED-45CE-B469-EB5B08451E04}.Release|x86.ActiveCfg = Release|Win32
		{A899CCF2-D1ED-45CE-B469-EB5B08451E04}.Release|x86.Build.0 = Release|Win32
	EndGlobalSection
	GlobalSection(SolutionProperties) = preSolution
		HideSolutionNode = FALSE
	EndGlobalSection
	GlobalSection(ExtensibilityGlobals) = postSolution
		SolutionGuid = {2FEB246A-228A-465C-94E3-466A4412C2FF}
	EndGlobalSection
EndGlobal
